// !$*UTF8*$!
{
	archiveVersion = 1;
	classes = {
	};
	objectVersion = 50;
	objects = {

/* Begin PBXBuildFile section */
		8EB6167F248AA8D50082BF06 /* AppDelegate.swift in Sources */ = {isa = PBXBuildFile; fileRef = 8EB6167E248AA8D50082BF06 /* AppDelegate.swift */; };
		8EB61681248AA8D50082BF06 /* SceneDelegate.swift in Sources */ = {isa = PBXBuildFile; fileRef = 8EB61680248AA8D50082BF06 /* SceneDelegate.swift */; };
		8EB61683248AA8D50082BF06 /* ViewController.swift in Sources */ = {isa = PBXBuildFile; fileRef = 8EB61682248AA8D50082BF06 /* ViewController.swift */; };
		8EB61686248AA8D50082BF06 /* Main.storyboard in Resources */ = {isa = PBXBuildFile; fileRef = 8EB61684248AA8D50082BF06 /* Main.storyboard */; };
		8EB61688248AA8D80082BF06 /* Assets.xcassets in Resources */ = {isa = PBXBuildFile; fileRef = 8EB61687248AA8D80082BF06 /* Assets.xcassets */; };
		8EB6168B248AA8D80082BF06 /* LaunchScreen.storyboard in Resources */ = {isa = PBXBuildFile; fileRef = 8EB61689248AA8D80082BF06 /* LaunchScreen.storyboard */; };
		8EB61695248AB6BC0082BF06 /* Person.swift in Sources */ = {isa = PBXBuildFile; fileRef = 8EB61694248AB6BC0082BF06 /* Person.swift */; };
		8EB61698248AB6F10082BF06 /* Utilities.swift in Sources */ = {isa = PBXBuildFile; fileRef = 8EB61697248AB6F10082BF06 /* Utilities.swift */; };
		8EB616A1248AB7820082BF06 /* CustomTableViewCell.swift in Sources */ = {isa = PBXBuildFile; fileRef = 8EB6169F248AB7820082BF06 /* CustomTableViewCell.swift */; };
		8EB616A2248AB7820082BF06 /* CustomTableViewCell.xib in Resources */ = {isa = PBXBuildFile; fileRef = 8EB616A0248AB7820082BF06 /* CustomTableViewCell.xib */; };
		8EB616A4248AB7C90082BF06 /* FirstViewController.swift in Sources */ = {isa = PBXBuildFile; fileRef = 8EB616A3248AB7C90082BF06 /* FirstViewController.swift */; };
		8EB616A6248AB7E60082BF06 /* CustomTableViewModel.swift in Sources */ = {isa = PBXBuildFile; fileRef = 8EB616A5248AB7E60082BF06 /* CustomTableViewModel.swift */; };
		8EB616A8248AB80F0082BF06 /* FirstViewModel.swift in Sources */ = {isa = PBXBuildFile; fileRef = 8EB616A7248AB80F0082BF06 /* FirstViewModel.swift */; };
		8EB616AA248B9EA70082BF06 /* Track.swift in Sources */ = {isa = PBXBuildFile; fileRef = 8EB616A9248B9EA70082BF06 /* Track.swift */; };
		8EB616AC248B9EC30082BF06 /* Album.swift in Sources */ = {isa = PBXBuildFile; fileRef = 8EB616AB248B9EC30082BF06 /* Album.swift */; };
		8EB616AE248B9F2F0082BF06 /* ReactiveExtensions.swift in Sources */ = {isa = PBXBuildFile; fileRef = 8EB616AD248B9F2F0082BF06 /* ReactiveExtensions.swift */; };
		8EB616B0248B9F580082BF06 /* NetworkManager.swift in Sources */ = {isa = PBXBuildFile; fileRef = 8EB616AF248B9F580082BF06 /* NetworkManager.swift */; };
		8EB616B2248B9FC90082BF06 /* TracksTableViewVC.swift in Sources */ = {isa = PBXBuildFile; fileRef = 8EB616B1248B9FC90082BF06 /* TracksTableViewVC.swift */; };
		8EB616B4248B9FEF0082BF06 /* AlbumsCollectionViewVC.swift in Sources */ = {isa = PBXBuildFile; fileRef = 8EB616B3248B9FEF0082BF06 /* AlbumsCollectionViewVC.swift */; };
		8EB616B7248BA07B0082BF06 /* AlbumsCollectionViewCell.swift in Sources */ = {isa = PBXBuildFile; fileRef = 8EB616B5248BA07B0082BF06 /* AlbumsCollectionViewCell.swift */; };
		8EB616B8248BA07B0082BF06 /* AlbumsCollectionViewCell.xib in Resources */ = {isa = PBXBuildFile; fileRef = 8EB616B6248BA07B0082BF06 /* AlbumsCollectionViewCell.xib */; };
		8EB616BB248BA0E90082BF06 /* AnimateloadingView.swift in Sources */ = {isa = PBXBuildFile; fileRef = 8EB616BA248BA0E90082BF06 /* AnimateloadingView.swift */; };
		8EB616BD248BA10D0082BF06 /* LoadingViewable.swift in Sources */ = {isa = PBXBuildFile; fileRef = 8EB616BC248BA10D0082BF06 /* LoadingViewable.swift */; };
		8EB616BF248BA12F0082BF06 /* LoadingView.swift in Sources */ = {isa = PBXBuildFile; fileRef = 8EB616BE248BA12F0082BF06 /* LoadingView.swift */; };
		8EB616C1248BA13C0082BF06 /* LoadingView.xib in Resources */ = {isa = PBXBuildFile; fileRef = 8EB616C0248BA13C0082BF06 /* LoadingView.xib */; };
		8EB616C3248BA1550082BF06 /* MessageView.swift in Sources */ = {isa = PBXBuildFile; fileRef = 8EB616C2248BA1550082BF06 /* MessageView.swift */; };
		8EB616C5248BA15F0082BF06 /* MessageView.xib in Resources */ = {isa = PBXBuildFile; fileRef = 8EB616C4248BA15E0082BF06 /* MessageView.xib */; };
		AF43B794C0C83A2AE0BA3AE9 /* Pods_RxSwift_MVVM.framework in Frameworks */ = {isa = PBXBuildFile; fileRef = E5A7F4937F5A655520CDC911 /* Pods_RxSwift_MVVM.framework */; };
/* End PBXBuildFile section */

/* Begin PBXFileReference section */
		0FCD877E3FA5EE0B0FD38D8C /* Pods-RxSwift-MVVM.debug.xcconfig */ = {isa = PBXFileReference; includeInIndex = 1; lastKnownFileType = text.xcconfig; name = "Pods-RxSwift-MVVM.debug.xcconfig"; path = "Pods/Target Support Files/Pods-RxSwift-MVVM/Pods-RxSwift-MVVM.debug.xcconfig"; sourceTree = "<group>"; };
		67D091923450D56F62322D86 /* Pods-RxSwift-MVVM.release.xcconfig */ = {isa = PBXFileReference; includeInIndex = 1; lastKnownFileType = text.xcconfig; name = "Pods-RxSwift-MVVM.release.xcconfig"; path = "Pods/Target Support Files/Pods-RxSwift-MVVM/Pods-RxSwift-MVVM.release.xcconfig"; sourceTree = "<group>"; };
		8EB6167B248AA8D50082BF06 /* RxSwift-MVVM.app */ = {isa = PBXFileReference; explicitFileType = wrapper.application; includeInIndex = 0; path = "RxSwift-MVVM.app"; sourceTree = BUILT_PRODUCTS_DIR; };
		8EB6167E248AA8D50082BF06 /* AppDelegate.swift */ = {isa = PBXFileReference; lastKnownFileType = sourcecode.swift; path = AppDelegate.swift; sourceTree = "<group>"; };
		8EB61680248AA8D50082BF06 /* SceneDelegate.swift */ = {isa = PBXFileReference; lastKnownFileType = sourcecode.swift; path = SceneDelegate.swift; sourceTree = "<group>"; };
		8EB61682248AA8D50082BF06 /* ViewController.swift */ = {isa = PBXFileReference; lastKnownFileType = sourcecode.swift; path = ViewController.swift; sourceTree = "<group>"; };
		8EB61685248AA8D50082BF06 /* Base */ = {isa = PBXFileReference; lastKnownFileType = file.storyboard; name = Base; path = Base.lproj/Main.storyboard; sourceTree = "<group>"; };
		8EB61687248AA8D80082BF06 /* Assets.xcassets */ = {isa = PBXFileReference; lastKnownFileType = folder.assetcatalog; path = Assets.xcassets; sourceTree = "<group>"; };
		8EB6168A248AA8D80082BF06 /* Base */ = {isa = PBXFileReference; lastKnownFileType = file.storyboard; name = Base; path = Base.lproj/LaunchScreen.storyboard; sourceTree = "<group>"; };
		8EB6168C248AA8D80082BF06 /* Info.plist */ = {isa = PBXFileReference; lastKnownFileType = text.plist.xml; path = Info.plist; sourceTree = "<group>"; };
		8EB61694248AB6BC0082BF06 /* Person.swift */ = {isa = PBXFileReference; lastKnownFileType = sourcecode.swift; path = Person.swift; sourceTree = "<group>"; };
		8EB61697248AB6F10082BF06 /* Utilities.swift */ = {isa = PBXFileReference; lastKnownFileType = sourcecode.swift; path = Utilities.swift; sourceTree = "<group>"; };
		8EB6169F248AB7820082BF06 /* CustomTableViewCell.swift */ = {isa = PBXFileReference; lastKnownFileType = sourcecode.swift; path = CustomTableViewCell.swift; sourceTree = "<group>"; };
		8EB616A0248AB7820082BF06 /* CustomTableViewCell.xib */ = {isa = PBXFileReference; lastKnownFileType = file.xib; path = CustomTableViewCell.xib; sourceTree = "<group>"; };
		8EB616A3248AB7C90082BF06 /* FirstViewController.swift */ = {isa = PBXFileReference; lastKnownFileType = sourcecode.swift; path = FirstViewController.swift; sourceTree = "<group>"; };
		8EB616A5248AB7E60082BF06 /* CustomTableViewModel.swift */ = {isa = PBXFileReference; lastKnownFileType = sourcecode.swift; path = CustomTableViewModel.swift; sourceTree = "<group>"; };
		8EB616A7248AB80F0082BF06 /* FirstViewModel.swift */ = {isa = PBXFileReference; lastKnownFileType = sourcecode.swift; path = FirstViewModel.swift; sourceTree = "<group>"; };
		8EB616A9248B9EA70082BF06 /* Track.swift */ = {isa = PBXFileReference; lastKnownFileType = sourcecode.swift; path = Track.swift; sourceTree = "<group>"; };
		8EB616AB248B9EC30082BF06 /* Album.swift */ = {isa = PBXFileReference; lastKnownFileType = sourcecode.swift; path = Album.swift; sourceTree = "<group>"; };
		8EB616AD248B9F2F0082BF06 /* ReactiveExtensions.swift */ = {isa = PBXFileReference; lastKnownFileType = sourcecode.swift; path = ReactiveExtensions.swift; sourceTree = "<group>"; };
		8EB616AF248B9F580082BF06 /* NetworkManager.swift */ = {isa = PBXFileReference; lastKnownFileType = sourcecode.swift; path = NetworkManager.swift; sourceTree = "<group>"; };
		8EB616B1248B9FC90082BF06 /* TracksTableViewVC.swift */ = {isa = PBXFileReference; lastKnownFileType = sourcecode.swift; path = TracksTableViewVC.swift; sourceTree = "<group>"; };
		8EB616B3248B9FEF0082BF06 /* AlbumsCollectionViewVC.swift */ = {isa = PBXFileReference; lastKnownFileType = sourcecode.swift; path = AlbumsCollectionViewVC.swift; sourceTree = "<group>"; };
		8EB616B5248BA07B0082BF06 /* AlbumsCollectionViewCell.swift */ = {isa = PBXFileReference; lastKnownFileType = sourcecode.swift; path = AlbumsCollectionViewCell.swift; sourceTree = "<group>"; };
		8EB616B6248BA07B0082BF06 /* AlbumsCollectionViewCell.xib */ = {isa = PBXFileReference; lastKnownFileType = file.xib; path = AlbumsCollectionViewCell.xib; sourceTree = "<group>"; };
		8EB616BA248BA0E90082BF06 /* AnimateloadingView.swift */ = {isa = PBXFileReference; lastKnownFileType = sourcecode.swift; path = AnimateloadingView.swift; sourceTree = "<group>"; };
		8EB616BC248BA10D0082BF06 /* LoadingViewable.swift */ = {isa = PBXFileReference; lastKnownFileType = sourcecode.swift; path = LoadingViewable.swift; sourceTree = "<group>"; };
		8EB616BE248BA12F0082BF06 /* LoadingView.swift */ = {isa = PBXFileReference; lastKnownFileType = sourcecode.swift; path = LoadingView.swift; sourceTree = "<group>"; };
		8EB616C0248BA13C0082BF06 /* LoadingView.xib */ = {isa = PBXFileReference; lastKnownFileType = file.xib; path = LoadingView.xib; sourceTree = "<group>"; };
		8EB616C2248BA1550082BF06 /* MessageView.swift */ = {isa = PBXFileReference; lastKnownFileType = sourcecode.swift; path = MessageView.swift; sourceTree = "<group>"; };
		8EB616C4248BA15E0082BF06 /* MessageView.xib */ = {isa = PBXFileReference; lastKnownFileType = file.xib; path = MessageView.xib; sourceTree = "<group>"; };
		E5A7F4937F5A655520CDC911 /* Pods_RxSwift_MVVM.framework */ = {isa = PBXFileReference; explicitFileType = wrapper.framework; includeInIndex = 0; path = Pods_RxSwift_MVVM.framework; sourceTree = BUILT_PRODUCTS_DIR; };
/* End PBXFileReference section */

/* Begin PBXFrameworksBuildPhase section */
		8EB61678248AA8D50082BF06 /* Frameworks */ = {
			isa = PBXFrameworksBuildPhase;
			buildActionMask = 2147483647;
			files = (
				AF43B794C0C83A2AE0BA3AE9 /* Pods_RxSwift_MVVM.framework in Frameworks */,
			);
			runOnlyForDeploymentPostprocessing = 0;
		};
/* End PBXFrameworksBuildPhase section */

/* Begin PBXGroup section */
		40942F1C11EC5A9A11543EF8 /* Frameworks */ = {
			isa = PBXGroup;
			children = (
				E5A7F4937F5A655520CDC911 /* Pods_RxSwift_MVVM.framework */,
			);
			name = Frameworks;
			sourceTree = "<group>";
		};
		85307B5AA9576C42618B661D /* Pods */ = {
			isa = PBXGroup;
			children = (
				0FCD877E3FA5EE0B0FD38D8C /* Pods-RxSwift-MVVM.debug.xcconfig */,
				67D091923450D56F62322D86 /* Pods-RxSwift-MVVM.release.xcconfig */,
			);
			name = Pods;
			sourceTree = "<group>";
		};
		8EB61672248AA8D50082BF06 = {
			isa = PBXGroup;
			children = (
				8EB6167D248AA8D50082BF06 /* RxSwift-MVVM */,
				8EB6167C248AA8D50082BF06 /* Products */,
				85307B5AA9576C42618B661D /* Pods */,
				40942F1C11EC5A9A11543EF8 /* Frameworks */,
			);
			sourceTree = "<group>";
		};
		8EB6167C248AA8D50082BF06 /* Products */ = {
			isa = PBXGroup;
			children = (
				8EB6167B248AA8D50082BF06 /* RxSwift-MVVM.app */,
			);
			name = Products;
			sourceTree = "<group>";
		};
		8EB6167D248AA8D50082BF06 /* RxSwift-MVVM */ = {
			isa = PBXGroup;
			children = (
				8EB6169D248AB7490082BF06 /* Layouts */,
				8EB6169B248AB7260082BF06 /* ViewModels */,
				8EB61699248AB7140082BF06 /* Views */,
				8EB61696248AB6D60082BF06 /* Utilities */,
				8EB61693248AB6AA0082BF06 /* Models */,
				8EB616B9248BA0BB0082BF06 /* SupportViews */,
				8EB6167E248AA8D50082BF06 /* AppDelegate.swift */,
				8EB61680248AA8D50082BF06 /* SceneDelegate.swift */,
				8EB61682248AA8D50082BF06 /* ViewController.swift */,
				8EB61687248AA8D80082BF06 /* Assets.xcassets */,
				8EB6168C248AA8D80082BF06 /* Info.plist */,
			);
			path = "RxSwift-MVVM";
			sourceTree = "<group>";
		};
		8EB61693248AB6AA0082BF06 /* Models */ = {
			isa = PBXGroup;
			children = (
				8EB61694248AB6BC0082BF06 /* Person.swift */,
				8EB616A9248B9EA70082BF06 /* Track.swift */,
				8EB616AB248B9EC30082BF06 /* Album.swift */,
			);
			path = Models;
			sourceTree = "<group>";
		};
		8EB61696248AB6D60082BF06 /* Utilities */ = {
			isa = PBXGroup;
			children = (
				8EB61697248AB6F10082BF06 /* Utilities.swift */,
				8EB616AD248B9F2F0082BF06 /* ReactiveExtensions.swift */,
				8EB616AF248B9F580082BF06 /* NetworkManager.swift */,
			);
			path = Utilities;
			sourceTree = "<group>";
		};
		8EB61699248AB7140082BF06 /* Views */ = {
			isa = PBXGroup;
			children = (
				8EB6169A248AB71C0082BF06 /* Cells */,
				8EB616A3248AB7C90082BF06 /* FirstViewController.swift */,
				8EB616B1248B9FC90082BF06 /* TracksTableViewVC.swift */,
				8EB616B3248B9FEF0082BF06 /* AlbumsCollectionViewVC.swift */,
			);
			path = Views;
			sourceTree = "<group>";
		};
		8EB6169A248AB71C0082BF06 /* Cells */ = {
			isa = PBXGroup;
			children = (
				8EB6169F248AB7820082BF06 /* CustomTableViewCell.swift */,
				8EB616B5248BA07B0082BF06 /* AlbumsCollectionViewCell.swift */,
			);
			path = Cells;
			sourceTree = "<group>";
		};
		8EB6169B248AB7260082BF06 /* ViewModels */ = {
			isa = PBXGroup;
			children = (
				8EB6169C248AB73B0082BF06 /* Cells */,
				8EB616A7248AB80F0082BF06 /* FirstViewModel.swift */,
			);
			path = ViewModels;
			sourceTree = "<group>";
		};
		8EB6169C248AB73B0082BF06 /* Cells */ = {
			isa = PBXGroup;
			children = (
				8EB616A5248AB7E60082BF06 /* CustomTableViewModel.swift */,
			);
			path = Cells;
			sourceTree = "<group>";
		};
		8EB6169D248AB7490082BF06 /* Layouts */ = {
			isa = PBXGroup;
			children = (
				8EB6169E248AB7530082BF06 /* Cells */,
				8EB61684248AA8D50082BF06 /* Main.storyboard */,
				8EB61689248AA8D80082BF06 /* LaunchScreen.storyboard */,
			);
			path = Layouts;
			sourceTree = "<group>";
		};
		8EB6169E248AB7530082BF06 /* Cells */ = {
			isa = PBXGroup;
			children = (
				8EB616A0248AB7820082BF06 /* CustomTableViewCell.xib */,
				8EB616B6248BA07B0082BF06 /* AlbumsCollectionViewCell.xib */,
			);
			path = Cells;
			sourceTree = "<group>";
		};
		8EB616B9248BA0BB0082BF06 /* SupportViews */ = {
			isa = PBXGroup;
			children = (
				8EB616BA248BA0E90082BF06 /* AnimateloadingView.swift */,
				8EB616BC248BA10D0082BF06 /* LoadingViewable.swift */,
				8EB616BE248BA12F0082BF06 /* LoadingView.swift */,
				8EB616C0248BA13C0082BF06 /* LoadingView.xib */,
				8EB616C2248BA1550082BF06 /* MessageView.swift */,
				8EB616C4248BA15E0082BF06 /* MessageView.xib */,
			);
			path = SupportViews;
			sourceTree = "<group>";
		};
/* End PBXGroup section */

/* Begin PBXNativeTarget section */
		8EB6167A248AA8D50082BF06 /* RxSwift-MVVM */ = {
			isa = PBXNativeTarget;
			buildConfigurationList = 8EB6168F248AA8D80082BF06 /* Build configuration list for PBXNativeTarget "RxSwift-MVVM" */;
			buildPhases = (
				E974A994C19789F1C797E3EF /* [CP] Check Pods Manifest.lock */,
				8EB61677248AA8D50082BF06 /* Sources */,
				8EB61678248AA8D50082BF06 /* Frameworks */,
				8EB61679248AA8D50082BF06 /* Resources */,
				060C1AC47E21E96278522DDF /* [CP] Embed Pods Frameworks */,
			);
			buildRules = (
			);
			dependencies = (
			);
			name = "RxSwift-MVVM";
			productName = "RxSwift-MVVM";
			productReference = 8EB6167B248AA8D50082BF06 /* RxSwift-MVVM.app */;
			productType = "com.apple.product-type.application";
		};
/* End PBXNativeTarget section */

/* Begin PBXProject section */
		8EB61673248AA8D50082BF06 /* Project object */ = {
			isa = PBXProject;
			attributes = {
				LastSwiftUpdateCheck = 1130;
				LastUpgradeCheck = 1130;
				ORGANIZATIONNAME = pankaj;
				TargetAttributes = {
					8EB6167A248AA8D50082BF06 = {
						CreatedOnToolsVersion = 11.3.1;
					};
				};
			};
			buildConfigurationList = 8EB61676248AA8D50082BF06 /* Build configuration list for PBXProject "RxSwift-MVVM" */;
			compatibilityVersion = "Xcode 9.3";
			developmentRegion = en;
			hasScannedForEncodings = 0;
			knownRegions = (
				en,
				Base,
			);
			mainGroup = 8EB61672248AA8D50082BF06;
			productRefGroup = 8EB6167C248AA8D50082BF06 /* Products */;
			projectDirPath = "";
			projectRoot = "";
			targets = (
				8EB6167A248AA8D50082BF06 /* RxSwift-MVVM */,
			);
		};
/* End PBXProject section */

/* Begin PBXResourcesBuildPhase section */
		8EB61679248AA8D50082BF06 /* Resources */ = {
			isa = PBXResourcesBuildPhase;
			buildActionMask = 2147483647;
			files = (
				8EB6168B248AA8D80082BF06 /* LaunchScreen.storyboard in Resources */,
				8EB61688248AA8D80082BF06 /* Assets.xcassets in Resources */,
				8EB616A2248AB7820082BF06 /* CustomTableViewCell.xib in Resources */,
				8EB616C1248BA13C0082BF06 /* LoadingView.xib in Resources */,
				8EB616C5248BA15F0082BF06 /* MessageView.xib in Resources */,
				8EB616B8248BA07B0082BF06 /* AlbumsCollectionViewCell.xib in Resources */,
				8EB61686248AA8D50082BF06 /* Main.storyboard in Resources */,
			);
			runOnlyForDeploymentPostprocessing = 0;
		};
/* End PBXResourcesBuildPhase section */

/* Begin PBXShellScriptBuildPhase section */
		060C1AC47E21E96278522DDF /* [CP] Embed Pods Frameworks */ = {
			isa = PBXShellScriptBuildPhase;
			buildActionMask = 2147483647;
			files = (
			);
			inputFileListPaths = (
			);
			inputPaths = (
				"${SRCROOT}/Pods/Target Support Files/Pods-RxSwift-MVVM/Pods-RxSwift-MVVM-frameworks.sh",
				"${BUILT_PRODUCTS_DIR}/RxCocoa/RxCocoa.framework",
				"${BUILT_PRODUCTS_DIR}/RxRelay/RxRelay.framework",
				"${BUILT_PRODUCTS_DIR}/RxSwift/RxSwift.framework",
				"${BUILT_PRODUCTS_DIR}/SwiftyJSON/SwiftyJSON.framework",
			);
			name = "[CP] Embed Pods Frameworks";
			outputFileListPaths = (
			);
			outputPaths = (
				"${TARGET_BUILD_DIR}/${FRAMEWORKS_FOLDER_PATH}/RxCocoa.framework",
				"${TARGET_BUILD_DIR}/${FRAMEWORKS_FOLDER_PATH}/RxRelay.framework",
				"${TARGET_BUILD_DIR}/${FRAMEWORKS_FOLDER_PATH}/RxSwift.framework",
				"${TARGET_BUILD_DIR}/${FRAMEWORKS_FOLDER_PATH}/SwiftyJSON.framework",
			);
			runOnlyForDeploymentPostprocessing = 0;
			shellPath = /bin/sh;
			shellScript = "\"${SRCROOT}/Pods/Target Support Files/Pods-RxSwift-MVVM/Pods-RxSwift-MVVM-frameworks.sh\"\n";
			showEnvVarsInLog = 0;
		};
		E974A994C19789F1C797E3EF /* [CP] Check Pods Manifest.lock */ = {
			isa = PBXShellScriptBuildPhase;
			buildActionMask = 2147483647;
			files = (
			);
			inputFileListPaths = (
			);
			inputPaths = (
				"${PODS_PODFILE_DIR_PATH}/Podfile.lock",
				"${PODS_ROOT}/Manifest.lock",
			);
			name = "[CP] Check Pods Manifest.lock";
			outputFileListPaths = (
			);
			outputPaths = (
				"$(DERIVED_FILE_DIR)/Pods-RxSwift-MVVM-checkManifestLockResult.txt",
			);
			runOnlyForDeploymentPostprocessing = 0;
			shellPath = /bin/sh;
			shellScript = "diff \"${PODS_PODFILE_DIR_PATH}/Podfile.lock\" \"${PODS_ROOT}/Manifest.lock\" > /dev/null\nif [ $? != 0 ] ; then\n    # print error to STDERR\n    echo \"error: The sandbox is not in sync with the Podfile.lock. Run 'pod install' or update your CocoaPods installation.\" >&2\n    exit 1\nfi\n# This output is used by Xcode 'outputs' to avoid re-running this script phase.\necho \"SUCCESS\" > \"${SCRIPT_OUTPUT_FILE_0}\"\n";
			showEnvVarsInLog = 0;
		};
/* End PBXShellScriptBuildPhase section */

/* Begin PBXSourcesBuildPhase section */
		8EB61677248AA8D50082BF06 /* Sources */ = {
			isa = PBXSourcesBuildPhase;
			buildActionMask = 2147483647;
			files = (
				8EB616A1248AB7820082BF06 /* CustomTableViewCell.swift in Sources */,
				8EB616AA248B9EA70082BF06 /* Track.swift in Sources */,
				8EB61683248AA8D50082BF06 /* ViewController.swift in Sources */,
				8EB616B4248B9FEF0082BF06 /* AlbumsCollectionViewVC.swift in Sources */,
				8EB616C3248BA1550082BF06 /* MessageView.swift in Sources */,
				8EB616B7248BA07B0082BF06 /* AlbumsCollectionViewCell.swift in Sources */,
				8EB616B0248B9F580082BF06 /* NetworkManager.swift in Sources */,
				8EB616BB248BA0E90082BF06 /* AnimateloadingView.swift in Sources */,
				8EB6167F248AA8D50082BF06 /* AppDelegate.swift in Sources */,
				8EB61695248AB6BC0082BF06 /* Person.swift in Sources */,
				8EB616A6248AB7E60082BF06 /* CustomTableViewModel.swift in Sources */,
				8EB61698248AB6F10082BF06 /* Utilities.swift in Sources */,
				8EB61681248AA8D50082BF06 /* SceneDelegate.swift in Sources */,
				8EB616AC248B9EC30082BF06 /* Album.swift in Sources */,
				8EB616BD248BA10D0082BF06 /* LoadingViewable.swift in Sources */,
				8EB616B2248B9FC90082BF06 /* TracksTableViewVC.swift in Sources */,
				8EB616A8248AB80F0082BF06 /* FirstViewModel.swift in Sources */,
				8EB616AE248B9F2F0082BF06 /* ReactiveExtensions.swift in Sources */,
				8EB616BF248BA12F0082BF06 /* LoadingView.swift in Sources */,
				8EB616A4248AB7C90082BF06 /* FirstViewController.swift in Sources */,
			);
			runOnlyForDeploymentPostprocessing = 0;
		};
/* End PBXSourcesBuildPhase section */

/* Begin PBXVariantGroup section */
		8EB61684248AA8D50082BF06 /* Main.storyboard */ = {
			isa = PBXVariantGroup;
			children = (
				8EB61685248AA8D50082BF06 /* Base */,
			);
			name = Main.storyboard;
			sourceTree = "<group>";
		};
		8EB61689248AA8D80082BF06 /* LaunchScreen.storyboard */ = {
			isa = PBXVariantGroup;
			children = (
				8EB6168A248AA8D80082BF06 /* Base */,
			);
			name = LaunchScreen.storyboard;
			sourceTree = "<group>";
		};
/* End PBXVariantGroup section */

/* Begin XCBuildConfiguration section */
		8EB6168D248AA8D80082BF06 /* Debug */ = {
			isa = XCBuildConfiguration;
			buildSettings = {
				ALWAYS_SEARCH_USER_PATHS = NO;
				CLANG_ANALYZER_NONNULL = YES;
				CLANG_ANALYZER_NUMBER_OBJECT_CONVERSION = YES_AGGRESSIVE;
				CLANG_CXX_LANGUAGE_STANDARD = "gnu++14";
				CLANG_CXX_LIBRARY = "libc++";
				CLANG_ENABLE_MODULES = YES;
				CLANG_ENABLE_OBJC_ARC = YES;
				CLANG_ENABLE_OBJC_WEAK = YES;
				CLANG_WARN_BLOCK_CAPTURE_AUTORELEASING = YES;
				CLANG_WARN_BOOL_CONVERSION = YES;
				CLANG_WARN_COMMA = YES;
				CLANG_WARN_CONSTANT_CONVERSION = YES;
				CLANG_WARN_DEPRECATED_OBJC_IMPLEMENTATIONS = YES;
				CLANG_WARN_DIRECT_OBJC_ISA_USAGE = YES_ERROR;
				CLANG_WARN_DOCUMENTATION_COMMENTS = YES;
				CLANG_WARN_EMPTY_BODY = YES;
				CLANG_WARN_ENUM_CONVERSION = YES;
				CLANG_WARN_INFINITE_RECURSION = YES;
				CLANG_WARN_INT_CONVERSION = YES;
				CLANG_WARN_NON_LITERAL_NULL_CONVERSION = YES;
				CLANG_WARN_OBJC_IMPLICIT_RETAIN_SELF = YES;
				CLANG_WARN_OBJC_LITERAL_CONVERSION = YES;
				CLANG_WARN_OBJC_ROOT_CLASS = YES_ERROR;
				CLANG_WARN_RANGE_LOOP_ANALYSIS = YES;
				CLANG_WARN_STRICT_PROTOTYPES = YES;
				CLANG_WARN_SUSPICIOUS_MOVE = YES;
				CLANG_WARN_UNGUARDED_AVAILABILITY = YES_AGGRESSIVE;
				CLANG_WARN_UNREACHABLE_CODE = YES;
				CLANG_WARN__DUPLICATE_METHOD_MATCH = YES;
				COPY_PHASE_STRIP = NO;
				DEBUG_INFORMATION_FORMAT = dwarf;
				ENABLE_STRICT_OBJC_MSGSEND = YES;
				ENABLE_TESTABILITY = YES;
				GCC_C_LANGUAGE_STANDARD = gnu11;
				GCC_DYNAMIC_NO_PIC = NO;
				GCC_NO_COMMON_BLOCKS = YES;
				GCC_OPTIMIZATION_LEVEL = 0;
				GCC_PREPROCESSOR_DEFINITIONS = (
					"DEBUG=1",
					"$(inherited)",
				);
				GCC_WARN_64_TO_32_BIT_CONVERSION = YES;
				GCC_WARN_ABOUT_RETURN_TYPE = YES_ERROR;
				GCC_WARN_UNDECLARED_SELECTOR = YES;
				GCC_WARN_UNINITIALIZED_AUTOS = YES_AGGRESSIVE;
				GCC_WARN_UNUSED_FUNCTION = YES;
				GCC_WARN_UNUSED_VARIABLE = YES;
				IPHONEOS_DEPLOYMENT_TARGET = 13.2;
				MTL_ENABLE_DEBUG_INFO = INCLUDE_SOURCE;
				MTL_FAST_MATH = YES;
				ONLY_ACTIVE_ARCH = YES;
				SDKROOT = iphoneos;
				SWIFT_ACTIVE_COMPILATION_CONDITIONS = DEBUG;
				SWIFT_OPTIMIZATION_LEVEL = "-Onone";
			};
			name = Debug;
		};
		8EB6168E248AA8D80082BF06 /* Release */ = {
			isa = XCBuildConfiguration;
			buildSettings = {
				ALWAYS_SEARCH_USER_PATHS = NO;
				CLANG_ANALYZER_NONNULL = YES;
				CLANG_ANALYZER_NUMBER_OBJECT_CONVERSION = YES_AGGRESSIVE;
				CLANG_CXX_LANGUAGE_STANDARD = "gnu++14";
				CLANG_CXX_LIBRARY = "libc++";
				CLANG_ENABLE_MODULES = YES;
				CLANG_ENABLE_OBJC_ARC = YES;
				CLANG_ENABLE_OBJC_WEAK = YES;
				CLANG_WARN_BLOCK_CAPTURE_AUTORELEASING = YES;
				CLANG_WARN_BOOL_CONVERSION = YES;
				CLANG_WARN_COMMA = YES;
				CLANG_WARN_CONSTANT_CONVERSION = YES;
				CLANG_WARN_DEPRECATED_OBJC_IMPLEMENTATIONS = YES;
				CLANG_WARN_DIRECT_OBJC_ISA_USAGE = YES_ERROR;
				CLANG_WARN_DOCUMENTATION_COMMENTS = YES;
				CLANG_WARN_EMPTY_BODY = YES;
				CLANG_WARN_ENUM_CONVERSION = YES;
				CLANG_WARN_INFINITE_RECURSION = YES;
				CLANG_WARN_INT_CONVERSION = YES;
				CLANG_WARN_NON_LITERAL_NULL_CONVERSION = YES;
				CLANG_WARN_OBJC_IMPLICIT_RETAIN_SELF = YES;
				CLANG_WARN_OBJC_LITERAL_CONVERSION = YES;
				CLANG_WARN_OBJC_ROOT_CLASS = YES_ERROR;
				CLANG_WARN_RANGE_LOOP_ANALYSIS = YES;
				CLANG_WARN_STRICT_PROTOTYPES = YES;
				CLANG_WARN_SUSPICIOUS_MOVE = YES;
				CLANG_WARN_UNGUARDED_AVAILABILITY = YES_AGGRESSIVE;
				CLANG_WARN_UNREACHABLE_CODE = YES;
				CLANG_WARN__DUPLICATE_METHOD_MATCH = YES;
				COPY_PHASE_STRIP = NO;
				DEBUG_INFORMATION_FORMAT = "dwarf-with-dsym";
				ENABLE_NS_ASSERTIONS = NO;
				ENABLE_STRICT_OBJC_MSGSEND = YES;
				GCC_C_LANGUAGE_STANDARD = gnu11;
				GCC_NO_COMMON_BLOCKS = YES;
				GCC_WARN_64_TO_32_BIT_CONVERSION = YES;
				GCC_WARN_ABOUT_RETURN_TYPE = YES_ERROR;
				GCC_WARN_UNDECLARED_SELECTOR = YES;
				GCC_WARN_UNINITIALIZED_AUTOS = YES_AGGRESSIVE;
				GCC_WARN_UNUSED_FUNCTION = YES;
				GCC_WARN_UNUSED_VARIABLE = YES;
				IPHONEOS_DEPLOYMENT_TARGET = 13.2;
				MTL_ENABLE_DEBUG_INFO = NO;
				MTL_FAST_MATH = YES;
				SDKROOT = iphoneos;
				SWIFT_COMPILATION_MODE = wholemodule;
				SWIFT_OPTIMIZATION_LEVEL = "-O";
				VALIDATE_PRODUCT = YES;
			};
			name = Release;
		};
		8EB61690248AA8D80082BF06 /* Debug */ = {
			isa = XCBuildConfiguration;
			baseConfigurationReference = 0FCD877E3FA5EE0B0FD38D8C /* Pods-RxSwift-MVVM.debug.xcconfig */;
			buildSettings = {
				ASSETCATALOG_COMPILER_APPICON_NAME = AppIcon;
				CODE_SIGN_STYLE = Automatic;
				DEVELOPMENT_TEAM = 7XKK4752UG;
				INFOPLIST_FILE = "RxSwift-MVVM/Info.plist";
				LD_RUNPATH_SEARCH_PATHS = (
					"$(inherited)",
					"@executable_path/Frameworks",
				);
				PRODUCT_BUNDLE_IDENTIFIER = "com.infoedge.RxSwift-MVVM";
				PRODUCT_NAME = "$(TARGET_NAME)";
				SWIFT_VERSION = 5.0;
				TARGETED_DEVICE_FAMILY = "1,2";
			};
			name = Debug;
		};
		8EB61691248AA8D80082BF06 /* Release */ = {
			isa = XCBuildConfiguration;
			baseConfigurationReference = 67D091923450D56F62322D86 /* Pods-RxSwift-MVVM.release.xcconfig */;
			buildSettings = {
				ASSETCATALOG_COMPILER_APPICON_NAME = AppIcon;
				CODE_SIGN_STYLE = Automatic;
				DEVELOPMENT_TEAM = 7XKK4752UG;
				INFOPLIST_FILE = "RxSwift-MVVM/Info.plist";
				LD_RUNPATH_SEARCH_PATHS = (
					"$(inherited)",
					"@executable_path/Frameworks",
				);
				PRODUCT_BUNDLE_IDENTIFIER = "com.infoedge.RxSwift-MVVM";
				PRODUCT_NAME = "$(TARGET_NAME)";
				SWIFT_VERSION = 5.0;
				TARGETED_DEVICE_FAMILY = "1,2";
			};
			name = Release;
		};
/* End XCBuildConfiguration section */

/* Begin XCConfigurationList section */
		8EB61676248AA8D50082BF06 /* Build configuration list for PBXProject "RxSwift-MVVM" */ = {
			isa = XCConfigurationList;
			buildConfigurations = (
				8EB6168D248AA8D80082BF06 /* Debug */,
				8EB6168E248AA8D80082BF06 /* Release */,
			);
			defaultConfigurationIsVisible = 0;
			defaultConfigurationName = Release;
		};
		8EB6168F248AA8D80082BF06 /* Build configuration list for PBXNativeTarget "RxSwift-MVVM" */ = {
			isa = XCConfigurationList;
			buildConfigurations = (
				8EB61690248AA8D80082BF06 /* Debug */,
				8EB61691248AA8D80082BF06 /* Release */,
			);
			defaultConfigurationIsVisible = 0;
			defaultConfigurationName = Release;
		};
/* End XCConfigurationList section */
	};
	rootObject = 8EB61673248AA8D50082BF06 /* Project object */;
}
